
Microsoft Visual Studio Solution File, Format Version 12.00
# Visual Studio Version 16
VisualStudioVersion = 16.0.31019.35
MinimumVisualStudioVersion = 10.0.40219.1
Project("{9A19103F-16F7-4668-BE54-9A1E7A4F7556}") = "Lotto649Records", "Lotto649Records\Lotto649Records.csproj", "{78BC87A8-CECE-4A94-A43B-BB9D9793E201}"
EndProject
Project("{9A19103F-16F7-4668-BE54-9A1E7A4F7556}") = "BusinessLogic", "BusinessLogic\BusinessLogic.csproj", "{9CCDECEB-E0D0-46C4-8243-3A1F4431779F}"
EndProject
Project("{FAE04EC0-301F-11D3-BF4B-00C04F79EFBC}") = "Tests", "Tests\Tests.csproj", "{99C91C07-A22B-48ED-81A3-2037047DB9A4}"
EndProject
Global
	GlobalSection(SolutionConfigurationPlatforms) = preSolution
		Debug|Any CPU = Debug|Any CPU
		Release|Any CPU = Release|Any CPU
	EndGlobalSection
	GlobalSection(ProjectConfigurationPlatforms) = postSolution
		{78BC87A8-CECE-4A94-A43B-BB9D9793E201}.Debug|Any CPU.ActiveCfg = Debug|Any CPU
		{78BC87A8-CECE-4A94-A43B-BB9D9793E201}.Debug|Any CPU.Build.0 = Debug|Any CPU
		{78BC87A8-CECE-4A94-A43B-BB9D9793E201}.Release|Any CPU.ActiveCfg = Release|Any CPU
		{78BC87A8-CECE-4A94-A43B-BB9D9793E201}.Release|Any CPU.Build.0 = Release|Any CPU
		{9CCDECEB-E0D0-46C4-8243-3A1F4431779F}.Debug|Any CPU.ActiveCfg = Debug|Any CPU
		{9CCDECEB-E0D0-46C4-8243-3A1F4431779F}.Debug|Any CPU.Build.0 = Debug|Any CPU
		{9CCDECEB-E0D0-46C4-8243-3A1F4431779F}.Release|Any CPU.ActiveCfg = Release|Any CPU
		{9CCDECEB-E0D0-46C4-8243-3A1F4431779F}.Release|Any CPU.Build.0 = Release|Any CPU
		{99C91C07-A22B-48ED-81A3-2037047DB9A4}.Debug|Any CPU.ActiveCfg = Debug|Any CPU
		{99C91C07-A22B-48ED-81A3-2037047DB9A4}.Debug|Any CPU.Build.0 = Debug|Any CPU
		{99C91C07-A22B-48ED-81A3-2037047DB9A4}.Release|Any CPU.ActiveCfg = Release|Any CPU
		{99C91C07-A22B-48ED-81A3-2037047DB9A4}.Release|Any CPU.Build.0 = Release|Any CPU
	EndGlobalSection
	GlobalSection(SolutionProperties) = preSolution
		HideSolutionNode = FALSE
	EndGlobalSection
	GlobalSection(ExtensibilityGlobals) = postSolution
		SolutionGuid = {03F9809D-DA8C-4A07-8990-C20FFF34FA9B}
	EndGlobalSection
EndGlobal
